PODS:
  - file_selector_macos (0.0.1):
    - FlutterMacOS
  - flutter_secure_storage_darwin (10.0.0):
    - Flutter
    - FlutterMacOS
  - FlutterMacOS (1.0.0)
  - local_auth_darwin (0.0.1):
    - Flutter
    - FlutterMacOS
  - path_provider_foundation (0.0.1):
    - Flutter
    - FlutterMacOS
  - rive_native (0.0.1):
    - FlutterMacOS
  - shared_preferences_foundation (0.0.1):
    - Flutter
    - FlutterMacOS
  - sqflite_darwin (0.0.4):
    - Flutter
    - FlutterMacOS

DEPENDENCIES:
  - file_selector_macos (from `Flutter/ephemeral/.symlinks/plugins/file_selector_macos/macos`)
  - flutter_secure_storage_darwin (from `Flutter/ephemeral/.symlinks/plugins/flutter_secure_storage_darwin/darwin`)
  - FlutterMacOS (from `Flutter/ephemeral`)
  - local_auth_darwin (from `Flutter/ephemeral/.symlinks/plugins/local_auth_darwin/darwin`)
  - path_provider_foundation (from `Flutter/ephemeral/.symlinks/plugins/path_provider_foundation/darwin`)
  - rive_native (from `Flutter/ephemeral/.symlinks/plugins/rive_native/macos`)
  - shared_preferences_foundation (from `Flutter/ephemeral/.symlinks/plugins/shared_preferences_foundation/darwin`)
  - sqflite_darwin (from `Flutter/ephemeral/.symlinks/plugins/sqflite_darwin/darwin`)

EXTERNAL SOURCES:
  file_selector_macos:
    :path: Flutter/ephemeral/.symlinks/plugins/file_selector_macos/macos
  flutter_secure_storage_darwin:
    :path: Flutter/ephemeral/.symlinks/plugins/flutter_secure_storage_darwin/darwin
  FlutterMacOS:
    :path: Flutter/ephemeral
  local_auth_darwin:
    :path: Flutter/ephemeral/.symlinks/plugins/local_auth_darwin/darwin
  path_provider_foundation:
    :path: Flutter/ephemeral/.symlinks/plugins/path_provider_foundation/darwin
  rive_native:
    :path: Flutter/ephemeral/.symlinks/plugins/rive_native/macos
  shared_preferences_foundation:
    :path: Flutter/ephemeral/.symlinks/plugins/shared_preferences_foundation/darwin
  sqflite_darwin:
    :path: Flutter/ephemeral/.symlinks/plugins/sqflite_darwin/darwin

SPEC CHECKSUMS:
  file_selector_macos: cc3858c981fe6889f364731200d6232dac1d812d
  flutter_secure_storage_darwin: 557817588b80e60213cbecb573c45c76b788018d
  FlutterMacOS: 8f6f14fa908a6fb3fba0cd85dbd81ec4b251fb24
  local_auth_darwin: fa4b06454df7df8e97c18d7ee55151c57e7af0de
  path_provider_foundation: 2b6b4c569c0fb62ec74538f866245ac84301af46
  rive_native: 0df5e7c5a7dbcd2aeb9656ed3821ad61544bd68f
  shared_preferences_foundation: fcdcbc04712aee1108ac7fda236f363274528f78
  sqflite_darwin: 5a7236e3b501866c1c9befc6771dfd73ffb8702d

PODFILE CHECKSUM: 7eb978b976557c8c1cd717d8185ec483fd090a82

COCOAPODS: 1.16.2
